
Microsoft Visual Studio Solution File, Format Version 12.00
# Visual Studio Version 17
VisualStudioVersion = 17.13.35931.197 d17.13
MinimumVisualStudioVersion = 10.0.40219.1
Project("{FAE04EC0-301F-11D3-BF4B-00C04F79EFBC}") = "PRIMER_PROYECTO", "PRIMER_PROYECTO.csproj", "{DFC61EE1-60C3-4844-B8C1-0517A4B7E0C0}"
EndProject
Global
	GlobalSection(SolutionConfigurationPlatforms) = preSolution
		Debug|Any CPU = Debug|Any CPU
		Release|Any CPU = Release|Any CPU
	EndGlobalSection
	GlobalSection(ProjectConfigurationPlatforms) = postSolution
		{DFC61EE1-60C3-4844-B8C1-0517A4B7E0C0}.Debug|Any CPU.ActiveCfg = Debug|Any CPU
		{DFC61EE1-60C3-4844-B8C1-0517A4B7E0C0}.Debug|Any CPU.Build.0 = Debug|Any CPU
		{DFC61EE1-60C3-4844-B8C1-0517A4B7E0C0}.Release|Any CPU.ActiveCfg = Release|Any CPU
		{DFC61EE1-60C3-4844-B8C1-0517A4B7E0C0}.Release|Any CPU.Build.0 = Release|Any CPU
	EndGlobalSection
	GlobalSection(SolutionProperties) = preSolution
		HideSolutionNode = FALSE
	EndGlobalSection
	GlobalSection(ExtensibilityGlobals) = postSolution
		SolutionGuid = {ED927107-F012-4C30-9162-3A35532D3B26}
	EndGlobalSection
EndGlobal
